
Microsoft Visual Studio Solution File, Format Version 12.00
# Visual Studio 15
Project("{FAE04EC0-301F-11D3-BF4B-00C04F79EFBC}") = "CheckLinksConsole", "CheckLinksConsole.csproj", "{F6417877-A51B-4E46-8047-E35AC873642A}"
EndProject
Project("{FAE04EC0-301F-11D3-BF4B-00C04F79EFBC}") = "CheckLinksTests", "..\checklinkstests\CheckLinksTests.csproj", "{7CF61A40-608D-40DE-B048-79720AB5FCBB}"
EndProject
Global
	GlobalSection(SolutionConfigurationPlatforms) = preSolution
		Debug|Any CPU = Debug|Any CPU
		Release|Any CPU = Release|Any CPU
	EndGlobalSection
	GlobalSection(ProjectConfigurationPlatforms) = postSolution
		{F6417877-A51B-4E46-8047-E35AC873642A}.Debug|Any CPU.ActiveCfg = Debug|Any CPU
		{F6417877-A51B-4E46-8047-E35AC873642A}.Debug|Any CPU.Build.0 = Debug|Any CPU
		{F6417877-A51B-4E46-8047-E35AC873642A}.Release|Any CPU.ActiveCfg = Release|Any CPU
		{F6417877-A51B-4E46-8047-E35AC873642A}.Release|Any CPU.Build.0 = Release|Any CPU
		{7CF61A40-608D-40DE-B048-79720AB5FCBB}.Debug|Any CPU.ActiveCfg = Debug|Any CPU
		{7CF61A40-608D-40DE-B048-79720AB5FCBB}.Debug|Any CPU.Build.0 = Debug|Any CPU
		{7CF61A40-608D-40DE-B048-79720AB5FCBB}.Release|Any CPU.ActiveCfg = Release|Any CPU
		{7CF61A40-608D-40DE-B048-79720AB5FCBB}.Release|Any CPU.Build.0 = Release|Any CPU
	EndGlobalSection
EndGlobal
